
Microsoft Visual Studio Solution File, Format Version 12.00
# Visual Studio 15
VisualStudioVersion = 15.0.28307.271
MinimumVisualStudioVersion = 10.0.40219.1
Project("{FAE04EC0-301F-11D3-BF4B-00C04F79EFBC}") = "Animus.exercise.api", "Animus.exercise.api\Animus.exercise.api.csproj", "{16D371F9-BE0A-43AE-9D0C-31C064B54988}"
EndProject
Global
	GlobalSection(SolutionConfigurationPlatforms) = preSolution
		Debug|Any CPU = Debug|Any CPU
		Release|Any CPU = Release|Any CPU
	EndGlobalSection
	GlobalSection(ProjectConfigurationPlatforms) = postSolution
		{16D371F9-BE0A-43AE-9D0C-31C064B54988}.Debug|Any CPU.ActiveCfg = Debug|Any CPU
		{16D371F9-BE0A-43AE-9D0C-31C064B54988}.Debug|Any CPU.Build.0 = Debug|Any CPU
		{16D371F9-BE0A-43AE-9D0C-31C064B54988}.Release|Any CPU.ActiveCfg = Release|Any CPU
		{16D371F9-BE0A-43AE-9D0C-31C064B54988}.Release|Any CPU.Build.0 = Release|Any CPU
	EndGlobalSection
	GlobalSection(SolutionProperties) = preSolution
		HideSolutionNode = FALSE
	EndGlobalSection
	GlobalSection(ExtensibilityGlobals) = postSolution
		SolutionGuid = {6658D830-BBA7-459D-8316-F4E82CDF4CD1}
	EndGlobalSection
EndGlobal
